
Microsoft Visual Studio Solution File, Format Version 12.00
# Visual Studio 15
VisualStudioVersion = 15.0.28307.852
MinimumVisualStudioVersion = 10.0.40219.1
Project("{FAE04EC0-301F-11D3-BF4B-00C04F79EFBC}") = "TelefonRehber", "TelefonRehber\TelefonRehber.csproj", "{07EF0C12-1027-48FB-9B5F-E740D6FAB889}"
EndProject
Global
	GlobalSection(SolutionConfigurationPlatforms) = preSolution
		Debug|Any CPU = Debug|Any CPU
		Release|Any CPU = Release|Any CPU
	EndGlobalSection
	GlobalSection(ProjectConfigurationPlatforms) = postSolution
		{07EF0C12-1027-48FB-9B5F-E740D6FAB889}.Debug|Any CPU.ActiveCfg = Debug|Any CPU
		{07EF0C12-1027-48FB-9B5F-E740D6FAB889}.Debug|Any CPU.Build.0 = Debug|Any CPU
		{07EF0C12-1027-48FB-9B5F-E740D6FAB889}.Release|Any CPU.ActiveCfg = Release|Any CPU
		{07EF0C12-1027-48FB-9B5F-E740D6FAB889}.Release|Any CPU.Build.0 = Release|Any CPU
	EndGlobalSection
	GlobalSection(SolutionProperties) = preSolution
		HideSolutionNode = FALSE
	EndGlobalSection
	GlobalSection(ExtensibilityGlobals) = postSolution
		SolutionGuid = {B9BBA669-2816-4D36-9AD4-EB6B2B80DB98}
	EndGlobalSection
EndGlobal
